{
  "object": {
    "pins": [
      {
        "package": "Stem",
        "repositoryURL": "https://github.com/linhay/Stem.git",
        "state": {
          "branch": "master",
          "revision": "715534a500c5054a7a5d36fbb34b283af211bd6d",
          "version": null
        }
      },
      {
        "package": "swift-argument-parser",
        "repositoryURL": "https://github.com/apple/swift-argument-parser",
        "state": {
          "branch": null,
          "revision": "eb51f949cdd0c9d88abba9ce79d37eb7ea1231d0",
          "version": "0.2.0"
        }
      },
      {
        "package": "SwiftShell",
        "repositoryURL": "https://github.com/kareman/SwiftShell.git",
        "state": {
          "branch": null,
          "revision": "fb7fc2c9ad8811caf324431a508fb79e3fb74f99",
          "version": "5.0.1"
        }
      },
      {
        "package": "Yams",
        "repositoryURL": "https://github.com/jpsim/Yams.git",
        "state": {
          "branch": null,
          "revision": "81a65c4069c28011ee432f2858ba0de49b086677",
          "version": "3.0.1"
        }
      }
    ]
  },
  "version": 1
}
