// !$*UTF8*$!
{
	archiveVersion = 1;
	classes = {
	};
	objectVersion = 52;
	objects = {

/* Begin PBXBuildFile section */
		CD053A402435FA7B008A2E56 /* Git.swift in Sources */ = {isa = PBXBuildFile; fileRef = CD053A3F2435FA7B008A2E56 /* Git.swift */; };
		CD210B63245AB199008015B3 /* Yams in Frameworks */ = {isa = PBXBuildFile; productRef = CD210B62245AB199008015B3 /* Yams */; };
		CD394C0D242B60CF00277F88 /* main.swift in Sources */ = {isa = PBXBuildFile; fileRef = CD394C0C242B60CF00277F88 /* main.swift */; };
		CD394C15242B643700277F88 /* ArgumentParser in Frameworks */ = {isa = PBXBuildFile; productRef = CD394C14242B643700277F88 /* ArgumentParser */; };
		CD544366243C769A0099C9F0 /* Autoasset.swift in Sources */ = {isa = PBXBuildFile; fileRef = CD544365243C769A0099C9F0 /* Autoasset.swift */; };
		CD6ED852243EF49A002ED925 /* Shell.swift in Sources */ = {isa = PBXBuildFile; fileRef = CD6ED851243EF49A002ED925 /* Shell.swift */; };
		CD6ED908244411DA002ED925 /* Message.swift in Sources */ = {isa = PBXBuildFile; fileRef = CD6ED907244411DA002ED925 /* Message.swift */; };
		CDA383612433350800D3EDD9 /* SwiftShell in Frameworks */ = {isa = PBXBuildFile; productRef = CDA383602433350800D3EDD9 /* SwiftShell */; };
		CDA383632433398D00D3EDD9 /* Podspec.swift in Sources */ = {isa = PBXBuildFile; fileRef = CDA383622433398D00D3EDD9 /* Podspec.swift */; };
		CDA38365243342D500D3EDD9 /* RunError.swift in Sources */ = {isa = PBXBuildFile; fileRef = CDA38364243342D500D3EDD9 /* RunError.swift */; };
		CDA3836A24334DB500D3EDD9 /* Config.swift in Sources */ = {isa = PBXBuildFile; fileRef = CDA3836924334DB500D3EDD9 /* Config.swift */; };
		CDA3836E243351EC00D3EDD9 /* Asset.swift in Sources */ = {isa = PBXBuildFile; fileRef = CDA3836D243351EC00D3EDD9 /* Asset.swift */; };
		CDA9F0AC242C9A8700255373 /* Xcassets.swift in Sources */ = {isa = PBXBuildFile; fileRef = CDA9F0AB242C9A8700255373 /* Xcassets.swift */; };
		CDA9F109242DE44700255373 /* Warn.swift in Sources */ = {isa = PBXBuildFile; fileRef = CDA9F108242DE44700255373 /* Warn.swift */; };
		CDB3FA7D2462B3F0002A0A9D /* Stem in Frameworks */ = {isa = PBXBuildFile; productRef = CDB3FA7C2462B3F0002A0A9D /* Stem */; };
/* End PBXBuildFile section */

/* Begin PBXCopyFilesBuildPhase section */
		CD394C07242B60CF00277F88 /* CopyFiles */ = {
			isa = PBXCopyFilesBuildPhase;
			buildActionMask = 2147483647;
			dstPath = /usr/share/man/man1/;
			dstSubfolderSpec = 0;
			files = (
			);
			runOnlyForDeploymentPostprocessing = 1;
		};
/* End PBXCopyFilesBuildPhase section */

/* Begin PBXFileReference section */
		CD053A3F2435FA7B008A2E56 /* Git.swift */ = {isa = PBXFileReference; lastKnownFileType = sourcecode.swift; path = Git.swift; sourceTree = "<group>"; };
		CD394C09242B60CF00277F88 /* Autoasset */ = {isa = PBXFileReference; explicitFileType = "compiled.mach-o.executable"; includeInIndex = 0; path = Autoasset; sourceTree = BUILT_PRODUCTS_DIR; };
		CD394C0C242B60CF00277F88 /* main.swift */ = {isa = PBXFileReference; lastKnownFileType = sourcecode.swift; path = main.swift; sourceTree = "<group>"; };
		CD544365243C769A0099C9F0 /* Autoasset.swift */ = {isa = PBXFileReference; lastKnownFileType = sourcecode.swift; path = Autoasset.swift; sourceTree = "<group>"; };
		CD544367243DD8B70099C9F0 /* Info.plist */ = {isa = PBXFileReference; lastKnownFileType = text.plist.xml; path = Info.plist; sourceTree = "<group>"; };
		CD6ED851243EF49A002ED925 /* Shell.swift */ = {isa = PBXFileReference; lastKnownFileType = sourcecode.swift; path = Shell.swift; sourceTree = "<group>"; };
		CD6ED907244411DA002ED925 /* Message.swift */ = {isa = PBXFileReference; lastKnownFileType = sourcecode.swift; path = Message.swift; sourceTree = "<group>"; };
		CDA383622433398D00D3EDD9 /* Podspec.swift */ = {isa = PBXFileReference; lastKnownFileType = sourcecode.swift; path = Podspec.swift; sourceTree = "<group>"; };
		CDA38364243342D500D3EDD9 /* RunError.swift */ = {isa = PBXFileReference; lastKnownFileType = sourcecode.swift; path = RunError.swift; sourceTree = "<group>"; };
		CDA3836924334DB500D3EDD9 /* Config.swift */ = {isa = PBXFileReference; lastKnownFileType = sourcecode.swift; path = Config.swift; sourceTree = "<group>"; };
		CDA3836D243351EC00D3EDD9 /* Asset.swift */ = {isa = PBXFileReference; lastKnownFileType = sourcecode.swift; path = Asset.swift; sourceTree = "<group>"; };
		CDA9F0AB242C9A8700255373 /* Xcassets.swift */ = {isa = PBXFileReference; lastKnownFileType = sourcecode.swift; path = Xcassets.swift; sourceTree = "<group>"; };
		CDA9F0D9242D950800255373 /* image.xcassets */ = {isa = PBXFileReference; lastKnownFileType = folder.assetcatalog; path = image.xcassets; sourceTree = "<group>"; };
		CDA9F108242DE44700255373 /* Warn.swift */ = {isa = PBXFileReference; lastKnownFileType = sourcecode.swift; path = Warn.swift; sourceTree = "<group>"; };
/* End PBXFileReference section */

/* Begin PBXFrameworksBuildPhase section */
		CD394C06242B60CF00277F88 /* Frameworks */ = {
			isa = PBXFrameworksBuildPhase;
			buildActionMask = 2147483647;
			files = (
				CD394C15242B643700277F88 /* ArgumentParser in Frameworks */,
				CDB3FA7D2462B3F0002A0A9D /* Stem in Frameworks */,
				CD210B63245AB199008015B3 /* Yams in Frameworks */,
				CDA383612433350800D3EDD9 /* SwiftShell in Frameworks */,
			);
			runOnlyForDeploymentPostprocessing = 0;
		};
/* End PBXFrameworksBuildPhase section */

/* Begin PBXGroup section */
		4747788A6CDF472CA243142D /* Frameworks */ = {
			isa = PBXGroup;
			children = (
			);
			name = Frameworks;
			sourceTree = "<group>";
		};
		CD394C00242B60CF00277F88 = {
			isa = PBXGroup;
			children = (
				CD394C0B242B60CF00277F88 /* Autoasset */,
				CD394C0A242B60CF00277F88 /* Products */,
				4747788A6CDF472CA243142D /* Frameworks */,
			);
			sourceTree = "<group>";
		};
		CD394C0A242B60CF00277F88 /* Products */ = {
			isa = PBXGroup;
			children = (
				CD394C09242B60CF00277F88 /* Autoasset */,
			);
			name = Products;
			sourceTree = "<group>";
		};
		CD394C0B242B60CF00277F88 /* Autoasset */ = {
			isa = PBXGroup;
			children = (
				CDA3836924334DB500D3EDD9 /* Config.swift */,
				CDA383622433398D00D3EDD9 /* Podspec.swift */,
				CDA9F0AB242C9A8700255373 /* Xcassets.swift */,
				CDA3836D243351EC00D3EDD9 /* Asset.swift */,
				CD394C0C242B60CF00277F88 /* main.swift */,
				CDA9F108242DE44700255373 /* Warn.swift */,
				CDA9F0D9242D950800255373 /* image.xcassets */,
				CDA38364243342D500D3EDD9 /* RunError.swift */,
				CD053A3F2435FA7B008A2E56 /* Git.swift */,
				CD6ED851243EF49A002ED925 /* Shell.swift */,
				CD544365243C769A0099C9F0 /* Autoasset.swift */,
				CD544367243DD8B70099C9F0 /* Info.plist */,
				CD6ED907244411DA002ED925 /* Message.swift */,
			);
			path = Autoasset;
			sourceTree = "<group>";
		};
/* End PBXGroup section */

/* Begin PBXNativeTarget section */
		CD394C08242B60CF00277F88 /* Autoasset */ = {
			isa = PBXNativeTarget;
			buildConfigurationList = CD394C10242B60CF00277F88 /* Build configuration list for PBXNativeTarget "Autoasset" */;
			buildPhases = (
				CD394C05242B60CF00277F88 /* Sources */,
				CD394C06242B60CF00277F88 /* Frameworks */,
				CD394C07242B60CF00277F88 /* CopyFiles */,
			);
			buildRules = (
			);
			dependencies = (
			);
			name = Autoasset;
			packageProductDependencies = (
				CD394C14242B643700277F88 /* ArgumentParser */,
				CDA383602433350800D3EDD9 /* SwiftShell */,
				CD210B62245AB199008015B3 /* Yams */,
				CDB3FA7C2462B3F0002A0A9D /* Stem */,
			);
			productName = Autoasset;
			productReference = CD394C09242B60CF00277F88 /* Autoasset */;
			productType = "com.apple.product-type.tool";
		};
/* End PBXNativeTarget section */

/* Begin PBXProject section */
		CD394C01242B60CF00277F88 /* Project object */ = {
			isa = PBXProject;
			attributes = {
				LastSwiftUpdateCheck = 1140;
				LastUpgradeCheck = 1140;
				ORGANIZATIONNAME = linhey.autoasset;
				TargetAttributes = {
					CD394C08242B60CF00277F88 = {
						CreatedOnToolsVersion = 11.4;
					};
				};
			};
			buildConfigurationList = CD394C04242B60CF00277F88 /* Build configuration list for PBXProject "Autoasset" */;
			compatibilityVersion = "Xcode 9.3";
			developmentRegion = en;
			hasScannedForEncodings = 0;
			knownRegions = (
				en,
				Base,
			);
			mainGroup = CD394C00242B60CF00277F88;
			packageReferences = (
				CD394C13242B643700277F88 /* XCRemoteSwiftPackageReference "swift-argument-parser" */,
				CDA3835F2433350800D3EDD9 /* XCRemoteSwiftPackageReference "SwiftShell" */,
				CD210B61245AB199008015B3 /* XCRemoteSwiftPackageReference "Yams" */,
				CDB3FA7B2462B3F0002A0A9D /* XCRemoteSwiftPackageReference "Stem" */,
			);
			productRefGroup = CD394C0A242B60CF00277F88 /* Products */;
			projectDirPath = "";
			projectRoot = "";
			targets = (
				CD394C08242B60CF00277F88 /* Autoasset */,
			);
		};
/* End PBXProject section */

/* Begin PBXSourcesBuildPhase section */
		CD394C05242B60CF00277F88 /* Sources */ = {
			isa = PBXSourcesBuildPhase;
			buildActionMask = 2147483647;
			files = (
				CDA9F109242DE44700255373 /* Warn.swift in Sources */,
				CDA38365243342D500D3EDD9 /* RunError.swift in Sources */,
				CDA3836A24334DB500D3EDD9 /* Config.swift in Sources */,
				CDA383632433398D00D3EDD9 /* Podspec.swift in Sources */,
				CD394C0D242B60CF00277F88 /* main.swift in Sources */,
				CDA3836E243351EC00D3EDD9 /* Asset.swift in Sources */,
				CD6ED852243EF49A002ED925 /* Shell.swift in Sources */,
				CDA9F0AC242C9A8700255373 /* Xcassets.swift in Sources */,
				CD6ED908244411DA002ED925 /* Message.swift in Sources */,
				CD053A402435FA7B008A2E56 /* Git.swift in Sources */,
				CD544366243C769A0099C9F0 /* Autoasset.swift in Sources */,
			);
			runOnlyForDeploymentPostprocessing = 0;
		};
/* End PBXSourcesBuildPhase section */

/* Begin XCBuildConfiguration section */
		CD394C0E242B60CF00277F88 /* Debug */ = {
			isa = XCBuildConfiguration;
			buildSettings = {
				ALWAYS_SEARCH_USER_PATHS = NO;
				CLANG_ANALYZER_NONNULL = YES;
				CLANG_ANALYZER_NUMBER_OBJECT_CONVERSION = YES_AGGRESSIVE;
				CLANG_CXX_LANGUAGE_STANDARD = "gnu++14";
				CLANG_CXX_LIBRARY = "libc++";
				CLANG_ENABLE_MODULES = YES;
				CLANG_ENABLE_OBJC_ARC = YES;
				CLANG_ENABLE_OBJC_WEAK = YES;
				CLANG_WARN_BLOCK_CAPTURE_AUTORELEASING = YES;
				CLANG_WARN_BOOL_CONVERSION = YES;
				CLANG_WARN_COMMA = YES;
				CLANG_WARN_CONSTANT_CONVERSION = YES;
				CLANG_WARN_DEPRECATED_OBJC_IMPLEMENTATIONS = YES;
				CLANG_WARN_DIRECT_OBJC_ISA_USAGE = YES_ERROR;
				CLANG_WARN_DOCUMENTATION_COMMENTS = YES;
				CLANG_WARN_EMPTY_BODY = YES;
				CLANG_WARN_ENUM_CONVERSION = YES;
				CLANG_WARN_INFINITE_RECURSION = YES;
				CLANG_WARN_INT_CONVERSION = YES;
				CLANG_WARN_NON_LITERAL_NULL_CONVERSION = YES;
				CLANG_WARN_OBJC_IMPLICIT_RETAIN_SELF = YES;
				CLANG_WARN_OBJC_LITERAL_CONVERSION = YES;
				CLANG_WARN_OBJC_ROOT_CLASS = YES_ERROR;
				CLANG_WARN_RANGE_LOOP_ANALYSIS = YES;
				CLANG_WARN_STRICT_PROTOTYPES = YES;
				CLANG_WARN_SUSPICIOUS_MOVE = YES;
				CLANG_WARN_UNGUARDED_AVAILABILITY = YES_AGGRESSIVE;
				CLANG_WARN_UNREACHABLE_CODE = YES;
				CLANG_WARN__DUPLICATE_METHOD_MATCH = YES;
				COPY_PHASE_STRIP = NO;
				DEBUG_INFORMATION_FORMAT = dwarf;
				ENABLE_STRICT_OBJC_MSGSEND = YES;
				ENABLE_TESTABILITY = YES;
				GCC_C_LANGUAGE_STANDARD = gnu11;
				GCC_DYNAMIC_NO_PIC = NO;
				GCC_NO_COMMON_BLOCKS = YES;
				GCC_OPTIMIZATION_LEVEL = 0;
				GCC_PREPROCESSOR_DEFINITIONS = (
					"DEBUG=1",
					"$(inherited)",
				);
				GCC_WARN_64_TO_32_BIT_CONVERSION = YES;
				GCC_WARN_ABOUT_RETURN_TYPE = YES_ERROR;
				GCC_WARN_UNDECLARED_SELECTOR = YES;
				GCC_WARN_UNINITIALIZED_AUTOS = YES_AGGRESSIVE;
				GCC_WARN_UNUSED_FUNCTION = YES;
				GCC_WARN_UNUSED_VARIABLE = YES;
				MACOSX_DEPLOYMENT_TARGET = 10.15;
				MTL_ENABLE_DEBUG_INFO = INCLUDE_SOURCE;
				MTL_FAST_MATH = YES;
				ONLY_ACTIVE_ARCH = YES;
				SDKROOT = macosx;
				SWIFT_ACTIVE_COMPILATION_CONDITIONS = DEBUG;
				SWIFT_OPTIMIZATION_LEVEL = "-Onone";
			};
			name = Debug;
		};
		CD394C0F242B60CF00277F88 /* Release */ = {
			isa = XCBuildConfiguration;
			buildSettings = {
				ALWAYS_SEARCH_USER_PATHS = NO;
				CLANG_ANALYZER_NONNULL = YES;
				CLANG_ANALYZER_NUMBER_OBJECT_CONVERSION = YES_AGGRESSIVE;
				CLANG_CXX_LANGUAGE_STANDARD = "gnu++14";
				CLANG_CXX_LIBRARY = "libc++";
				CLANG_ENABLE_MODULES = YES;
				CLANG_ENABLE_OBJC_ARC = YES;
				CLANG_ENABLE_OBJC_WEAK = YES;
				CLANG_WARN_BLOCK_CAPTURE_AUTORELEASING = YES;
				CLANG_WARN_BOOL_CONVERSION = YES;
				CLANG_WARN_COMMA = YES;
				CLANG_WARN_CONSTANT_CONVERSION = YES;
				CLANG_WARN_DEPRECATED_OBJC_IMPLEMENTATIONS = YES;
				CLANG_WARN_DIRECT_OBJC_ISA_USAGE = YES_ERROR;
				CLANG_WARN_DOCUMENTATION_COMMENTS = YES;
				CLANG_WARN_EMPTY_BODY = YES;
				CLANG_WARN_ENUM_CONVERSION = YES;
				CLANG_WARN_INFINITE_RECURSION = YES;
				CLANG_WARN_INT_CONVERSION = YES;
				CLANG_WARN_NON_LITERAL_NULL_CONVERSION = YES;
				CLANG_WARN_OBJC_IMPLICIT_RETAIN_SELF = YES;
				CLANG_WARN_OBJC_LITERAL_CONVERSION = YES;
				CLANG_WARN_OBJC_ROOT_CLASS = YES_ERROR;
				CLANG_WARN_RANGE_LOOP_ANALYSIS = YES;
				CLANG_WARN_STRICT_PROTOTYPES = YES;
				CLANG_WARN_SUSPICIOUS_MOVE = YES;
				CLANG_WARN_UNGUARDED_AVAILABILITY = YES_AGGRESSIVE;
				CLANG_WARN_UNREACHABLE_CODE = YES;
				CLANG_WARN__DUPLICATE_METHOD_MATCH = YES;
				COPY_PHASE_STRIP = NO;
				DEBUG_INFORMATION_FORMAT = "dwarf-with-dsym";
				ENABLE_NS_ASSERTIONS = NO;
				ENABLE_STRICT_OBJC_MSGSEND = YES;
				GCC_C_LANGUAGE_STANDARD = gnu11;
				GCC_NO_COMMON_BLOCKS = YES;
				GCC_WARN_64_TO_32_BIT_CONVERSION = YES;
				GCC_WARN_ABOUT_RETURN_TYPE = YES_ERROR;
				GCC_WARN_UNDECLARED_SELECTOR = YES;
				GCC_WARN_UNINITIALIZED_AUTOS = YES_AGGRESSIVE;
				GCC_WARN_UNUSED_FUNCTION = YES;
				GCC_WARN_UNUSED_VARIABLE = YES;
				MACOSX_DEPLOYMENT_TARGET = 10.15;
				MTL_ENABLE_DEBUG_INFO = NO;
				MTL_FAST_MATH = YES;
				SDKROOT = macosx;
				SWIFT_COMPILATION_MODE = wholemodule;
				SWIFT_OPTIMIZATION_LEVEL = "-O";
			};
			name = Release;
		};
		CD394C11242B60CF00277F88 /* Debug */ = {
			isa = XCBuildConfiguration;
			buildSettings = {
				CODE_SIGN_IDENTITY = "-";
				CODE_SIGN_STYLE = Automatic;
				CURRENT_PROJECT_VERSION = 1;
				DEVELOPMENT_TEAM = 3L8RM3MDLS;
				ENABLE_HARDENED_RUNTIME = YES;
				INFOPLIST_FILE = "$(SRCROOT)/Autoasset/info.plist";
				MACOSX_DEPLOYMENT_TARGET = 10.13;
				MARKETING_VERSION = 1;
				PRODUCT_BUNDLE_IDENTIFIER = autoassset.linhey.com;
				PRODUCT_NAME = "$(TARGET_NAME)";
				SWIFT_VERSION = 5.0;
			};
			name = Debug;
		};
		CD394C12242B60CF00277F88 /* Release */ = {
			isa = XCBuildConfiguration;
			buildSettings = {
				CODE_SIGN_IDENTITY = "-";
				CODE_SIGN_STYLE = Automatic;
				CURRENT_PROJECT_VERSION = 1;
				DEVELOPMENT_TEAM = 3L8RM3MDLS;
				ENABLE_HARDENED_RUNTIME = YES;
				INFOPLIST_FILE = "$(SRCROOT)/Autoasset/info.plist";
				MACOSX_DEPLOYMENT_TARGET = 10.13;
				MARKETING_VERSION = 1;
				PRODUCT_BUNDLE_IDENTIFIER = autoassset.linhey.com;
				PRODUCT_NAME = "$(TARGET_NAME)";
				SWIFT_VERSION = 5.0;
			};
			name = Release;
		};
/* End XCBuildConfiguration section */

/* Begin XCConfigurationList section */
		CD394C04242B60CF00277F88 /* Build configuration list for PBXProject "Autoasset" */ = {
			isa = XCConfigurationList;
			buildConfigurations = (
				CD394C0E242B60CF00277F88 /* Debug */,
				CD394C0F242B60CF00277F88 /* Release */,
			);
			defaultConfigurationIsVisible = 0;
			defaultConfigurationName = Release;
		};
		CD394C10242B60CF00277F88 /* Build configuration list for PBXNativeTarget "Autoasset" */ = {
			isa = XCConfigurationList;
			buildConfigurations = (
				CD394C11242B60CF00277F88 /* Debug */,
				CD394C12242B60CF00277F88 /* Release */,
			);
			defaultConfigurationIsVisible = 0;
			defaultConfigurationName = Release;
		};
/* End XCConfigurationList section */

/* Begin XCRemoteSwiftPackageReference section */
		CD210B61245AB199008015B3 /* XCRemoteSwiftPackageReference "Yams" */ = {
			isa = XCRemoteSwiftPackageReference;
			repositoryURL = "https://github.com/jpsim/Yams.git";
			requirement = {
				kind = upToNextMajorVersion;
				minimumVersion = 3.0.0;
			};
		};
		CD394C13242B643700277F88 /* XCRemoteSwiftPackageReference "swift-argument-parser" */ = {
			isa = XCRemoteSwiftPackageReference;
			repositoryURL = "https://github.com/apple/swift-argument-parser";
			requirement = {
				kind = upToNextMajorVersion;
				minimumVersion = 0.0.5;
			};
		};
		CDA3835F2433350800D3EDD9 /* XCRemoteSwiftPackageReference "SwiftShell" */ = {
			isa = XCRemoteSwiftPackageReference;
			repositoryURL = "https://github.com/kareman/SwiftShell.git";
			requirement = {
				kind = upToNextMajorVersion;
				minimumVersion = 5.0.1;
			};
		};
		CDB3FA7B2462B3F0002A0A9D /* XCRemoteSwiftPackageReference "Stem" */ = {
			isa = XCRemoteSwiftPackageReference;
			repositoryURL = "https://github.com/linhay/Stem.git";
			requirement = {
				branch = develop;
				kind = branch;
			};
		};
/* End XCRemoteSwiftPackageReference section */

/* Begin XCSwiftPackageProductDependency section */
		CD210B62245AB199008015B3 /* Yams */ = {
			isa = XCSwiftPackageProductDependency;
			package = CD210B61245AB199008015B3 /* XCRemoteSwiftPackageReference "Yams" */;
			productName = Yams;
		};
		CD394C14242B643700277F88 /* ArgumentParser */ = {
			isa = XCSwiftPackageProductDependency;
			package = CD394C13242B643700277F88 /* XCRemoteSwiftPackageReference "swift-argument-parser" */;
			productName = ArgumentParser;
		};
		CDA383602433350800D3EDD9 /* SwiftShell */ = {
			isa = XCSwiftPackageProductDependency;
			package = CDA3835F2433350800D3EDD9 /* XCRemoteSwiftPackageReference "SwiftShell" */;
			productName = SwiftShell;
		};
		CDB3FA7C2462B3F0002A0A9D /* Stem */ = {
			isa = XCSwiftPackageProductDependency;
			package = CDB3FA7B2462B3F0002A0A9D /* XCRemoteSwiftPackageReference "Stem" */;
			productName = Stem;
		};
/* End XCSwiftPackageProductDependency section */
	};
	rootObject = CD394C01242B60CF00277F88 /* Project object */;
}
